
Microsoft Visual Studio Solution File, Format Version 12.00
# Visual Studio 15
VisualStudioVersion = 15.0.28307.1000
MinimumVisualStudioVersion = 10.0.40219.1
Project("{FAE04EC0-301F-11D3-BF4B-00C04F79EFBC}") = "MVCProject", "MVCProject\MVCProject.csproj", "{BDB82C12-81AD-46EB-9D37-5B85AD917A85}"
EndProject
Global
	GlobalSection(SolutionConfigurationPlatforms) = preSolution
		Debug|Any CPU = Debug|Any CPU
		Release|Any CPU = Release|Any CPU
	EndGlobalSection
	GlobalSection(ProjectConfigurationPlatforms) = postSolution
		{BDB82C12-81AD-46EB-9D37-5B85AD917A85}.Debug|Any CPU.ActiveCfg = Debug|Any CPU
		{BDB82C12-81AD-46EB-9D37-5B85AD917A85}.Debug|Any CPU.Build.0 = Debug|Any CPU
		{BDB82C12-81AD-46EB-9D37-5B85AD917A85}.Release|Any CPU.ActiveCfg = Release|Any CPU
		{BDB82C12-81AD-46EB-9D37-5B85AD917A85}.Release|Any CPU.Build.0 = Release|Any CPU
	EndGlobalSection
	GlobalSection(SolutionProperties) = preSolution
		HideSolutionNode = FALSE
	EndGlobalSection
	GlobalSection(ExtensibilityGlobals) = postSolution
		SolutionGuid = {E771BDB5-2BE4-4958-95A3-E3FE0DB1FB74}
	EndGlobalSection
EndGlobal
